
Microsoft Visual Studio Solution File, Format Version 12.00
# Visual Studio Version 17
VisualStudioVersion = 17.0.32014.148
MinimumVisualStudioVersion = 10.0.40219.1
Project("{FAE04EC0-301F-11D3-BF4B-00C04F79EFBC}") = "PostAPI", "PostAPI\PostAPI.csproj", "{ACAE3B55-6089-49EA-9CE8-0B31B4978370}"
EndProject
Project("{FAE04EC0-301F-11D3-BF4B-00C04F79EFBC}") = "PostAPI.Entities", "PostAPI.Entities\PostAPI.Entities.csproj", "{E1B6E095-CBFD-4A58-8F5B-50C3A2A893C4}"
EndProject
Project("{FAE04EC0-301F-11D3-BF4B-00C04F79EFBC}") = "PostAPI.Application", "PostAPI.Application\PostAPI.Application.csproj", "{71149085-00FE-468A-AE34-2F8B405EA297}"
EndProject
Project("{FAE04EC0-301F-11D3-BF4B-00C04F79EFBC}") = "PostAPI.Repository", "PostAPI.Repository\PostAPI.Repository.csproj", "{B520CCF9-5641-4264-9F70-1E5286F93ED4}"
EndProject
Project("{FAE04EC0-301F-11D3-BF4B-00C04F79EFBC}") = "PostAPI.Messaging.Send", "PostAPI.Messaging.Send\PostAPI.Messaging.Send.csproj", "{AF4C77B5-879F-4FF5-9137-FDB9C788A1F6}"
EndProject
Project("{FAE04EC0-301F-11D3-BF4B-00C04F79EFBC}") = "PostAPI.Messaging.Recieve", "PostAPI.Messaging.Recieve\PostAPI.Messaging.Recieve.csproj", "{60342FFD-D101-445B-80A6-019FFE3AE6C4}"
EndProject
Global
	GlobalSection(SolutionConfigurationPlatforms) = preSolution
		Debug|Any CPU = Debug|Any CPU
		Release|Any CPU = Release|Any CPU
	EndGlobalSection
	GlobalSection(ProjectConfigurationPlatforms) = postSolution
		{ACAE3B55-6089-49EA-9CE8-0B31B4978370}.Debug|Any CPU.ActiveCfg = Debug|Any CPU
		{ACAE3B55-6089-49EA-9CE8-0B31B4978370}.Debug|Any CPU.Build.0 = Debug|Any CPU
		{ACAE3B55-6089-49EA-9CE8-0B31B4978370}.Release|Any CPU.ActiveCfg = Release|Any CPU
		{ACAE3B55-6089-49EA-9CE8-0B31B4978370}.Release|Any CPU.Build.0 = Release|Any CPU
		{E1B6E095-CBFD-4A58-8F5B-50C3A2A893C4}.Debug|Any CPU.ActiveCfg = Debug|Any CPU
		{E1B6E095-CBFD-4A58-8F5B-50C3A2A893C4}.Debug|Any CPU.Build.0 = Debug|Any CPU
		{E1B6E095-CBFD-4A58-8F5B-50C3A2A893C4}.Release|Any CPU.ActiveCfg = Release|Any CPU
		{E1B6E095-CBFD-4A58-8F5B-50C3A2A893C4}.Release|Any CPU.Build.0 = Release|Any CPU
		{71149085-00FE-468A-AE34-2F8B405EA297}.Debug|Any CPU.ActiveCfg = Debug|Any CPU
		{71149085-00FE-468A-AE34-2F8B405EA297}.Debug|Any CPU.Build.0 = Debug|Any CPU
		{71149085-00FE-468A-AE34-2F8B405EA297}.Release|Any CPU.ActiveCfg = Release|Any CPU
		{71149085-00FE-468A-AE34-2F8B405EA297}.Release|Any CPU.Build.0 = Release|Any CPU
		{B520CCF9-5641-4264-9F70-1E5286F93ED4}.Debug|Any CPU.ActiveCfg = Debug|Any CPU
		{B520CCF9-5641-4264-9F70-1E5286F93ED4}.Debug|Any CPU.Build.0 = Debug|Any CPU
		{B520CCF9-5641-4264-9F70-1E5286F93ED4}.Release|Any CPU.ActiveCfg = Release|Any CPU
		{B520CCF9-5641-4264-9F70-1E5286F93ED4}.Release|Any CPU.Build.0 = Release|Any CPU
		{AF4C77B5-879F-4FF5-9137-FDB9C788A1F6}.Debug|Any CPU.ActiveCfg = Debug|Any CPU
		{AF4C77B5-879F-4FF5-9137-FDB9C788A1F6}.Debug|Any CPU.Build.0 = Debug|Any CPU
		{AF4C77B5-879F-4FF5-9137-FDB9C788A1F6}.Release|Any CPU.ActiveCfg = Release|Any CPU
		{AF4C77B5-879F-4FF5-9137-FDB9C788A1F6}.Release|Any CPU.Build.0 = Release|Any CPU
		{60342FFD-D101-445B-80A6-019FFE3AE6C4}.Debug|Any CPU.ActiveCfg = Debug|Any CPU
		{60342FFD-D101-445B-80A6-019FFE3AE6C4}.Debug|Any CPU.Build.0 = Debug|Any CPU
		{60342FFD-D101-445B-80A6-019FFE3AE6C4}.Release|Any CPU.ActiveCfg = Release|Any CPU
		{60342FFD-D101-445B-80A6-019FFE3AE6C4}.Release|Any CPU.Build.0 = Release|Any CPU
	EndGlobalSection
	GlobalSection(SolutionProperties) = preSolution
		HideSolutionNode = FALSE
	EndGlobalSection
	GlobalSection(ExtensibilityGlobals) = postSolution
		SolutionGuid = {8F448EE5-E217-43D7-9D15-40B1B99E6DAB}
	EndGlobalSection
EndGlobal
